
Microsoft Visual Studio Solution File, Format Version 12.00
# Visual Studio Version 16
VisualStudioVersion = 16.0.29806.167
MinimumVisualStudioVersion = 10.0.40219.1
Project("{8BC9CEB8-8B4A-11D0-8D11-00A0C91BC942}") = "decode", "decode\decode.vcxproj", "{730B8DDC-4D0D-4079-A1E0-680110653263}"
EndProject
Project("{8BC9CEB8-8B4A-11D0-8D11-00A0C91BC942}") = "encode", "encode\encode.vcxproj", "{E3225E0F-D128-4561-BB0D-3EA4875DD805}"
EndProject
Global
	GlobalSection(SolutionConfigurationPlatforms) = preSolution
		Debug|x64 = Debug|x64
		Debug|x86 = Debug|x86
		Release|x64 = Release|x64
		Release|x86 = Release|x86
	EndGlobalSection
	GlobalSection(ProjectConfigurationPlatforms) = postSolution
		{730B8DDC-4D0D-4079-A1E0-680110653263}.Debug|x64.ActiveCfg = Debug|x64
		{730B8DDC-4D0D-4079-A1E0-680110653263}.Debug|x64.Build.0 = Debug|x64
		{730B8DDC-4D0D-4079-A1E0-680110653263}.Debug|x86.ActiveCfg = Debug|Win32
		{730B8DDC-4D0D-4079-A1E0-680110653263}.Debug|x86.Build.0 = Debug|Win32
		{730B8DDC-4D0D-4079-A1E0-680110653263}.Release|x64.ActiveCfg = Release|x64
		{730B8DDC-4D0D-4079-A1E0-680110653263}.Release|x64.Build.0 = Release|x64
		{730B8DDC-4D0D-4079-A1E0-680110653263}.Release|x86.ActiveCfg = Release|Win32
		{730B8DDC-4D0D-4079-A1E0-680110653263}.Release|x86.Build.0 = Release|Win32
		{E3225E0F-D128-4561-BB0D-3EA4875DD805}.Debug|x64.ActiveCfg = Debug|x64
		{E3225E0F-D128-4561-BB0D-3EA4875DD805}.Debug|x64.Build.0 = Debug|x64
		{E3225E0F-D128-4561-BB0D-3EA4875DD805}.Debug|x86.ActiveCfg = Debug|Win32
		{E3225E0F-D128-4561-BB0D-3EA4875DD805}.Debug|x86.Build.0 = Debug|Win32
		{E3225E0F-D128-4561-BB0D-3EA4875DD805}.Release|x64.ActiveCfg = Release|x64
		{E3225E0F-D128-4561-BB0D-3EA4875DD805}.Release|x64.Build.0 = Release|x64
		{E3225E0F-D128-4561-BB0D-3EA4875DD805}.Release|x86.ActiveCfg = Release|Win32
		{E3225E0F-D128-4561-BB0D-3EA4875DD805}.Release|x86.Build.0 = Release|Win32
	EndGlobalSection
	GlobalSection(SolutionProperties) = preSolution
		HideSolutionNode = FALSE
	EndGlobalSection
	GlobalSection(ExtensibilityGlobals) = postSolution
		SolutionGuid = {38C9BF18-BEA1-48F2-AF22-C070CD1B4BFE}
	EndGlobalSection
EndGlobal
